
Microsoft Visual Studio Solution File, Format Version 12.00
# Visual Studio 14
VisualStudioVersion = 14.0.25123.0
MinimumVisualStudioVersion = 10.0.40219.1
Project("{FAE04EC0-301F-11D3-BF4B-00C04F79EFBC}") = "CrawlerLibrary", "..\Projects\Crawler\CrawlerLibrary\CrawlerLibrary.csproj", "{2EDAF73F-3B78-4954-BEC8-16F922BEC198}"
EndProject
Project("{FAE04EC0-301F-11D3-BF4B-00C04F79EFBC}") = "ConsoleApplication", "..\Projects\Crawler\ConsoleApplication\ConsoleApplication.csproj", "{8AF421FD-449C-46DA-ACC0-AB16E33CA4F0}"
EndProject
Global
	GlobalSection(SolutionConfigurationPlatforms) = preSolution
		Debug|Any CPU = Debug|Any CPU
		Release|Any CPU = Release|Any CPU
	EndGlobalSection
	GlobalSection(ProjectConfigurationPlatforms) = postSolution
		{2EDAF73F-3B78-4954-BEC8-16F922BEC198}.Debug|Any CPU.ActiveCfg = Debug|Any CPU
		{2EDAF73F-3B78-4954-BEC8-16F922BEC198}.Debug|Any CPU.Build.0 = Debug|Any CPU
		{2EDAF73F-3B78-4954-BEC8-16F922BEC198}.Release|Any CPU.ActiveCfg = Release|Any CPU
		{2EDAF73F-3B78-4954-BEC8-16F922BEC198}.Release|Any CPU.Build.0 = Release|Any CPU
		{8AF421FD-449C-46DA-ACC0-AB16E33CA4F0}.Debug|Any CPU.ActiveCfg = Debug|Any CPU
		{8AF421FD-449C-46DA-ACC0-AB16E33CA4F0}.Debug|Any CPU.Build.0 = Debug|Any CPU
		{8AF421FD-449C-46DA-ACC0-AB16E33CA4F0}.Release|Any CPU.ActiveCfg = Release|Any CPU
		{8AF421FD-449C-46DA-ACC0-AB16E33CA4F0}.Release|Any CPU.Build.0 = Release|Any CPU
	EndGlobalSection
	GlobalSection(SolutionProperties) = preSolution
		HideSolutionNode = FALSE
	EndGlobalSection
EndGlobal
